
Microsoft Visual Studio Solution File, Format Version 11.00
# Visual Studio 2010
Project("{FAE04EC0-301F-11D3-BF4B-00C04F79EFBC}") = "It's Still In Alpha", "It's Still In Alpha\It's Still In Alpha\It's Still In Alpha.csproj", "{CF1BB029-BF76-471A-A3DB-6F9733382D3D}"
EndProject
Project("{96E2B04D-8817-42C6-938A-82C39BA4D311}") = "It's Still In AlphaContent", "It's Still In Alpha\It's Still In AlphaContent\It's Still In AlphaContent.contentproj", "{7190FC61-F29C-40A8-8F4A-13CA34C8D88F}"
EndProject
Global
	GlobalSection(SolutionConfigurationPlatforms) = preSolution
		Debug|x86 = Debug|x86
		Release|x86 = Release|x86
	EndGlobalSection
	GlobalSection(ProjectConfigurationPlatforms) = postSolution
		{CF1BB029-BF76-471A-A3DB-6F9733382D3D}.Debug|x86.ActiveCfg = Debug|x86
		{CF1BB029-BF76-471A-A3DB-6F9733382D3D}.Debug|x86.Build.0 = Debug|x86
		{CF1BB029-BF76-471A-A3DB-6F9733382D3D}.Release|x86.ActiveCfg = Release|x86
		{CF1BB029-BF76-471A-A3DB-6F9733382D3D}.Release|x86.Build.0 = Release|x86
		{7190FC61-F29C-40A8-8F4A-13CA34C8D88F}.Debug|x86.ActiveCfg = Debug|x86
		{7190FC61-F29C-40A8-8F4A-13CA34C8D88F}.Release|x86.ActiveCfg = Release|x86
	EndGlobalSection
	GlobalSection(SolutionProperties) = preSolution
		HideSolutionNode = FALSE
	EndGlobalSection
EndGlobal
